
Microsoft Visual Studio Solution File, Format Version 12.00
# Visual Studio 15
VisualStudioVersion = 15.0.27428.2037
MinimumVisualStudioVersion = 10.0.40219.1
Project("{9092AA53-FB77-4645-B42D-1CCCA6BD08BD}") = "Node-web-server", "Node-web-server.njsproj", "{B1DC047F-9207-4BB1-A1C8-000D373BA6BA}"
EndProject
Global
	GlobalSection(SolutionConfigurationPlatforms) = preSolution
		Debug|Any CPU = Debug|Any CPU
		Release|Any CPU = Release|Any CPU
	EndGlobalSection
	GlobalSection(ProjectConfigurationPlatforms) = postSolution
		{B1DC047F-9207-4BB1-A1C8-000D373BA6BA}.Debug|Any CPU.ActiveCfg = Debug|Any CPU
		{B1DC047F-9207-4BB1-A1C8-000D373BA6BA}.Debug|Any CPU.Build.0 = Debug|Any CPU
		{B1DC047F-9207-4BB1-A1C8-000D373BA6BA}.Release|Any CPU.ActiveCfg = Release|Any CPU
		{B1DC047F-9207-4BB1-A1C8-000D373BA6BA}.Release|Any CPU.Build.0 = Release|Any CPU
	EndGlobalSection
	GlobalSection(SolutionProperties) = preSolution
		HideSolutionNode = FALSE
	EndGlobalSection
	GlobalSection(ExtensibilityGlobals) = postSolution
		SolutionGuid = {D16049D7-81E2-4191-9EDE-3D359D28D460}
	EndGlobalSection
EndGlobal
